// !$*UTF8*$!
{
	archiveVersion = 1;
	classes = {
	};
	objectVersion = 50;
	objects = {

/* Begin PBXBuildFile section */
		595856DE269721E200390645 /* CircleControl.swift in Sources */ = {isa = PBXBuildFile; fileRef = 595856DD269721E200390645 /* CircleControl.swift */; };
		5967F77B26973913006C377F /* LaunchScreen.storyboard in Resources */ = {isa = PBXBuildFile; fileRef = 5967F77A26973913006C377F /* LaunchScreen.storyboard */; };
		5967F7802697434F006C377F /* CGFloat+Extension.swift in Sources */ = {isa = PBXBuildFile; fileRef = 5967F77F2697434F006C377F /* CGFloat+Extension.swift */; };
		5967F783269752B1006C377F /* Customer.swift in Sources */ = {isa = PBXBuildFile; fileRef = 5967F782269752B1006C377F /* Customer.swift */; };
		59A4B00F2694C1FC005DB9F7 /* AppDelegate.swift in Sources */ = {isa = PBXBuildFile; fileRef = 59A4B00E2694C1FC005DB9F7 /* AppDelegate.swift */; };
		59A4B0112694C1FC005DB9F7 /* GameScene.sks in Resources */ = {isa = PBXBuildFile; fileRef = 59A4B0102694C1FC005DB9F7 /* GameScene.sks */; };
		59A4B0132694C1FC005DB9F7 /* Actions.sks in Resources */ = {isa = PBXBuildFile; fileRef = 59A4B0122694C1FC005DB9F7 /* Actions.sks */; };
		59A4B0152694C1FC005DB9F7 /* GameScene.swift in Sources */ = {isa = PBXBuildFile; fileRef = 59A4B0142694C1FC005DB9F7 /* GameScene.swift */; };
		59A4B0172694C1FC005DB9F7 /* GameViewController.swift in Sources */ = {isa = PBXBuildFile; fileRef = 59A4B0162694C1FC005DB9F7 /* GameViewController.swift */; };
		59A4B01A2694C1FC005DB9F7 /* Main.storyboard in Resources */ = {isa = PBXBuildFile; fileRef = 59A4B0182694C1FC005DB9F7 /* Main.storyboard */; };
		59A4B01C2694C1FE005DB9F7 /* Assets.xcassets in Resources */ = {isa = PBXBuildFile; fileRef = 59A4B01B2694C1FE005DB9F7 /* Assets.xcassets */; };
		59A4B0252694C496005DB9F7 /* Deliveryman.swift in Sources */ = {isa = PBXBuildFile; fileRef = 59A4B0242694C496005DB9F7 /* Deliveryman.swift */; };
		59A4B0812696DF3E005DB9F7 /* CompositeNode.swift in Sources */ = {isa = PBXBuildFile; fileRef = 59A4B0802696DF3E005DB9F7 /* CompositeNode.swift */; };
		59A4B0862696DF70005DB9F7 /* Ragdoll.swift in Sources */ = {isa = PBXBuildFile; fileRef = 59A4B0852696DF70005DB9F7 /* Ragdoll.swift */; };
		59A4B08A2696F355005DB9F7 /* SKScene+Extensions.swift in Sources */ = {isa = PBXBuildFile; fileRef = 59A4B0892696F355005DB9F7 /* SKScene+Extensions.swift */; };
		59FFCD9126986052000B8940 /* SKNode+Extensions.swift in Sources */ = {isa = PBXBuildFile; fileRef = 59FFCD9026986052000B8940 /* SKNode+Extensions.swift */; };
/* End PBXBuildFile section */

/* Begin PBXFileReference section */
		595856DD269721E200390645 /* CircleControl.swift */ = {isa = PBXFileReference; lastKnownFileType = sourcecode.swift; path = CircleControl.swift; sourceTree = "<group>"; };
		5967F77A26973913006C377F /* LaunchScreen.storyboard */ = {isa = PBXFileReference; lastKnownFileType = file.storyboard; path = LaunchScreen.storyboard; sourceTree = "<group>"; };
		5967F77F2697434F006C377F /* CGFloat+Extension.swift */ = {isa = PBXFileReference; lastKnownFileType = sourcecode.swift; path = "CGFloat+Extension.swift"; sourceTree = "<group>"; };
		5967F782269752B1006C377F /* Customer.swift */ = {isa = PBXFileReference; lastKnownFileType = sourcecode.swift; path = Customer.swift; sourceTree = "<group>"; };
		59A4B00B2694C1FC005DB9F7 /* DeliveryGame.app */ = {isa = PBXFileReference; explicitFileType = wrapper.application; includeInIndex = 0; path = DeliveryGame.app; sourceTree = BUILT_PRODUCTS_DIR; };
		59A4B00E2694C1FC005DB9F7 /* AppDelegate.swift */ = {isa = PBXFileReference; lastKnownFileType = sourcecode.swift; path = AppDelegate.swift; sourceTree = "<group>"; };
		59A4B0102694C1FC005DB9F7 /* GameScene.sks */ = {isa = PBXFileReference; lastKnownFileType = file.sks; path = GameScene.sks; sourceTree = "<group>"; };
		59A4B0122694C1FC005DB9F7 /* Actions.sks */ = {isa = PBXFileReference; lastKnownFileType = file.sks; path = Actions.sks; sourceTree = "<group>"; };
		59A4B0142694C1FC005DB9F7 /* GameScene.swift */ = {isa = PBXFileReference; lastKnownFileType = sourcecode.swift; path = GameScene.swift; sourceTree = "<group>"; };
		59A4B0162694C1FC005DB9F7 /* GameViewController.swift */ = {isa = PBXFileReference; lastKnownFileType = sourcecode.swift; path = GameViewController.swift; sourceTree = "<group>"; };
		59A4B0192694C1FC005DB9F7 /* Base */ = {isa = PBXFileReference; lastKnownFileType = file.storyboard; name = Base; path = Base.lproj/Main.storyboard; sourceTree = "<group>"; };
		59A4B01B2694C1FE005DB9F7 /* Assets.xcassets */ = {isa = PBXFileReference; lastKnownFileType = folder.assetcatalog; path = Assets.xcassets; sourceTree = "<group>"; };
		59A4B01D2694C1FE005DB9F7 /* Info.plist */ = {isa = PBXFileReference; lastKnownFileType = text.plist.xml; path = Info.plist; sourceTree = "<group>"; };
		59A4B0242694C496005DB9F7 /* Deliveryman.swift */ = {isa = PBXFileReference; lastKnownFileType = sourcecode.swift; path = Deliveryman.swift; sourceTree = "<group>"; };
		59A4B0802696DF3E005DB9F7 /* CompositeNode.swift */ = {isa = PBXFileReference; lastKnownFileType = sourcecode.swift; path = CompositeNode.swift; sourceTree = "<group>"; };
		59A4B0852696DF70005DB9F7 /* Ragdoll.swift */ = {isa = PBXFileReference; lastKnownFileType = sourcecode.swift; path = Ragdoll.swift; sourceTree = "<group>"; };
		59A4B0892696F355005DB9F7 /* SKScene+Extensions.swift */ = {isa = PBXFileReference; lastKnownFileType = sourcecode.swift; path = "SKScene+Extensions.swift"; sourceTree = "<group>"; };
		59FFCD9026986052000B8940 /* SKNode+Extensions.swift */ = {isa = PBXFileReference; lastKnownFileType = sourcecode.swift; path = "SKNode+Extensions.swift"; sourceTree = "<group>"; };
/* End PBXFileReference section */

/* Begin PBXFrameworksBuildPhase section */
		59A4B0082694C1FC005DB9F7 /* Frameworks */ = {
			isa = PBXFrameworksBuildPhase;
			buildActionMask = 2147483647;
			files = (
			);
			runOnlyForDeploymentPostprocessing = 0;
		};
/* End PBXFrameworksBuildPhase section */

/* Begin PBXGroup section */
		59A4B0022694C1FC005DB9F7 = {
			isa = PBXGroup;
			children = (
				59A4B00D2694C1FC005DB9F7 /* DeliveryGame */,
				59A4B00C2694C1FC005DB9F7 /* Products */,
			);
			sourceTree = "<group>";
		};
		59A4B00C2694C1FC005DB9F7 /* Products */ = {
			isa = PBXGroup;
			children = (
				59A4B00B2694C1FC005DB9F7 /* DeliveryGame.app */,
			);
			name = Products;
			sourceTree = "<group>";
		};
		59A4B00D2694C1FC005DB9F7 /* DeliveryGame */ = {
			isa = PBXGroup;
			children = (
				59A4B0882696F33D005DB9F7 /* Extensions */,
				59A4B07F2696DE74005DB9F7 /* Nodes */,
				59A4B00E2694C1FC005DB9F7 /* AppDelegate.swift */,
				59A4B0102694C1FC005DB9F7 /* GameScene.sks */,
				59A4B0122694C1FC005DB9F7 /* Actions.sks */,
				59A4B0142694C1FC005DB9F7 /* GameScene.swift */,
				59A4B0162694C1FC005DB9F7 /* GameViewController.swift */,
				59A4B0182694C1FC005DB9F7 /* Main.storyboard */,
				59A4B01B2694C1FE005DB9F7 /* Assets.xcassets */,
				59A4B01D2694C1FE005DB9F7 /* Info.plist */,
				5967F77A26973913006C377F /* LaunchScreen.storyboard */,
			);
			path = DeliveryGame;
			sourceTree = "<group>";
		};
		59A4B07F2696DE74005DB9F7 /* Nodes */ = {
			isa = PBXGroup;
			children = (
				59A4B0802696DF3E005DB9F7 /* CompositeNode.swift */,
				59A4B0852696DF70005DB9F7 /* Ragdoll.swift */,
				59A4B0242694C496005DB9F7 /* Deliveryman.swift */,
				5967F782269752B1006C377F /* Customer.swift */,
				595856DD269721E200390645 /* CircleControl.swift */,
			);
			path = Nodes;
			sourceTree = "<group>";
		};
		59A4B0882696F33D005DB9F7 /* Extensions */ = {
			isa = PBXGroup;
			children = (
				59A4B0892696F355005DB9F7 /* SKScene+Extensions.swift */,
				5967F77F2697434F006C377F /* CGFloat+Extension.swift */,
				59FFCD9026986052000B8940 /* SKNode+Extensions.swift */,
			);
			path = Extensions;
			sourceTree = "<group>";
		};
/* End PBXGroup section */

/* Begin PBXNativeTarget section */
		59A4B00A2694C1FC005DB9F7 /* DeliveryGame */ = {
			isa = PBXNativeTarget;
			buildConfigurationList = 59A4B0202694C1FE005DB9F7 /* Build configuration list for PBXNativeTarget "DeliveryGame" */;
			buildPhases = (
				59A4B0072694C1FC005DB9F7 /* Sources */,
				59A4B0082694C1FC005DB9F7 /* Frameworks */,
				59A4B0092694C1FC005DB9F7 /* Resources */,
			);
			buildRules = (
			);
			dependencies = (
			);
			name = DeliveryGame;
			productName = DeliveryGame;
			productReference = 59A4B00B2694C1FC005DB9F7 /* DeliveryGame.app */;
			productType = "com.apple.product-type.application";
		};
/* End PBXNativeTarget section */

/* Begin PBXProject section */
		59A4B0032694C1FC005DB9F7 /* Project object */ = {
			isa = PBXProject;
			attributes = {
				LastSwiftUpdateCheck = 1220;
				LastUpgradeCheck = 1220;
				TargetAttributes = {
					59A4B00A2694C1FC005DB9F7 = {
						CreatedOnToolsVersion = 12.2;
					};
				};
			};
			buildConfigurationList = 59A4B0062694C1FC005DB9F7 /* Build configuration list for PBXProject "DeliveryGame" */;
			compatibilityVersion = "Xcode 9.3";
			developmentRegion = en;
			hasScannedForEncodings = 0;
			knownRegions = (
				en,
				Base,
			);
			mainGroup = 59A4B0022694C1FC005DB9F7;
			productRefGroup = 59A4B00C2694C1FC005DB9F7 /* Products */;
			projectDirPath = "";
			projectRoot = "";
			targets = (
				59A4B00A2694C1FC005DB9F7 /* DeliveryGame */,
			);
		};
/* End PBXProject section */

/* Begin PBXResourcesBuildPhase section */
		59A4B0092694C1FC005DB9F7 /* Resources */ = {
			isa = PBXResourcesBuildPhase;
			buildActionMask = 2147483647;
			files = (
				59A4B01A2694C1FC005DB9F7 /* Main.storyboard in Resources */,
				59A4B0112694C1FC005DB9F7 /* GameScene.sks in Resources */,
				59A4B01C2694C1FE005DB9F7 /* Assets.xcassets in Resources */,
				5967F77B26973913006C377F /* LaunchScreen.storyboard in Resources */,
				59A4B0132694C1FC005DB9F7 /* Actions.sks in Resources */,
			);
			runOnlyForDeploymentPostprocessing = 0;
		};
/* End PBXResourcesBuildPhase section */

/* Begin PBXSourcesBuildPhase section */
		59A4B0072694C1FC005DB9F7 /* Sources */ = {
			isa = PBXSourcesBuildPhase;
			buildActionMask = 2147483647;
			files = (
				59A4B0812696DF3E005DB9F7 /* CompositeNode.swift in Sources */,
				5967F783269752B1006C377F /* Customer.swift in Sources */,
				595856DE269721E200390645 /* CircleControl.swift in Sources */,
				59A4B0152694C1FC005DB9F7 /* GameScene.swift in Sources */,
				59A4B0172694C1FC005DB9F7 /* GameViewController.swift in Sources */,
				59A4B00F2694C1FC005DB9F7 /* AppDelegate.swift in Sources */,
				5967F7802697434F006C377F /* CGFloat+Extension.swift in Sources */,
				59A4B0252694C496005DB9F7 /* Deliveryman.swift in Sources */,
				59FFCD9126986052000B8940 /* SKNode+Extensions.swift in Sources */,
				59A4B0862696DF70005DB9F7 /* Ragdoll.swift in Sources */,
				59A4B08A2696F355005DB9F7 /* SKScene+Extensions.swift in Sources */,
			);
			runOnlyForDeploymentPostprocessing = 0;
		};
/* End PBXSourcesBuildPhase section */

/* Begin PBXVariantGroup section */
		59A4B0182694C1FC005DB9F7 /* Main.storyboard */ = {
			isa = PBXVariantGroup;
			children = (
				59A4B0192694C1FC005DB9F7 /* Base */,
			);
			name = Main.storyboard;
			sourceTree = "<group>";
		};
/* End PBXVariantGroup section */

/* Begin XCBuildConfiguration section */
		59A4B01E2694C1FE005DB9F7 /* Debug */ = {
			isa = XCBuildConfiguration;
			buildSettings = {
				ALWAYS_SEARCH_USER_PATHS = NO;
				CLANG_ANALYZER_NONNULL = YES;
				CLANG_ANALYZER_NUMBER_OBJECT_CONVERSION = YES_AGGRESSIVE;
				CLANG_CXX_LANGUAGE_STANDARD = "gnu++14";
				CLANG_CXX_LIBRARY = "libc++";
				CLANG_ENABLE_MODULES = YES;
				CLANG_ENABLE_OBJC_ARC = YES;
				CLANG_ENABLE_OBJC_WEAK = YES;
				CLANG_WARN_BLOCK_CAPTURE_AUTORELEASING = YES;
				CLANG_WARN_BOOL_CONVERSION = YES;
				CLANG_WARN_COMMA = YES;
				CLANG_WARN_CONSTANT_CONVERSION = YES;
				CLANG_WARN_DEPRECATED_OBJC_IMPLEMENTATIONS = YES;
				CLANG_WARN_DIRECT_OBJC_ISA_USAGE = YES_ERROR;
				CLANG_WARN_DOCUMENTATION_COMMENTS = YES;
				CLANG_WARN_EMPTY_BODY = YES;
				CLANG_WARN_ENUM_CONVERSION = YES;
				CLANG_WARN_INFINITE_RECURSION = YES;
				CLANG_WARN_INT_CONVERSION = YES;
				CLANG_WARN_NON_LITERAL_NULL_CONVERSION = YES;
				CLANG_WARN_OBJC_IMPLICIT_RETAIN_SELF = YES;
				CLANG_WARN_OBJC_LITERAL_CONVERSION = YES;
				CLANG_WARN_OBJC_ROOT_CLASS = YES_ERROR;
				CLANG_WARN_QUOTED_INCLUDE_IN_FRAMEWORK_HEADER = YES;
				CLANG_WARN_RANGE_LOOP_ANALYSIS = YES;
				CLANG_WARN_STRICT_PROTOTYPES = YES;
				CLANG_WARN_SUSPICIOUS_MOVE = YES;
				CLANG_WARN_UNGUARDED_AVAILABILITY = YES_AGGRESSIVE;
				CLANG_WARN_UNREACHABLE_CODE = YES;
				CLANG_WARN__DUPLICATE_METHOD_MATCH = YES;
				COPY_PHASE_STRIP = NO;
				DEBUG_INFORMATION_FORMAT = dwarf;
				ENABLE_STRICT_OBJC_MSGSEND = YES;
				ENABLE_TESTABILITY = YES;
				GCC_C_LANGUAGE_STANDARD = gnu11;
				GCC_DYNAMIC_NO_PIC = NO;
				GCC_NO_COMMON_BLOCKS = YES;
				GCC_OPTIMIZATION_LEVEL = 0;
				GCC_PREPROCESSOR_DEFINITIONS = (
					"DEBUG=1",
					"$(inherited)",
				);
				GCC_WARN_64_TO_32_BIT_CONVERSION = YES;
				GCC_WARN_ABOUT_RETURN_TYPE = YES_ERROR;
				GCC_WARN_UNDECLARED_SELECTOR = YES;
				GCC_WARN_UNINITIALIZED_AUTOS = YES_AGGRESSIVE;
				GCC_WARN_UNUSED_FUNCTION = YES;
				GCC_WARN_UNUSED_VARIABLE = YES;
				IPHONEOS_DEPLOYMENT_TARGET = 14.2;
				MTL_ENABLE_DEBUG_INFO = INCLUDE_SOURCE;
				MTL_FAST_MATH = YES;
				ONLY_ACTIVE_ARCH = YES;
				SDKROOT = iphoneos;
				SWIFT_ACTIVE_COMPILATION_CONDITIONS = DEBUG;
				SWIFT_OPTIMIZATION_LEVEL = "-Onone";
			};
			name = Debug;
		};
		59A4B01F2694C1FE005DB9F7 /* Release */ = {
			isa = XCBuildConfiguration;
			buildSettings = {
				ALWAYS_SEARCH_USER_PATHS = NO;
				CLANG_ANALYZER_NONNULL = YES;
				CLANG_ANALYZER_NUMBER_OBJECT_CONVERSION = YES_AGGRESSIVE;
				CLANG_CXX_LANGUAGE_STANDARD = "gnu++14";
				CLANG_CXX_LIBRARY = "libc++";
				CLANG_ENABLE_MODULES = YES;
				CLANG_ENABLE_OBJC_ARC = YES;
				CLANG_ENABLE_OBJC_WEAK = YES;
				CLANG_WARN_BLOCK_CAPTURE_AUTORELEASING = YES;
				CLANG_WARN_BOOL_CONVERSION = YES;
				CLANG_WARN_COMMA = YES;
				CLANG_WARN_CONSTANT_CONVERSION = YES;
				CLANG_WARN_DEPRECATED_OBJC_IMPLEMENTATIONS = YES;
				CLANG_WARN_DIRECT_OBJC_ISA_USAGE = YES_ERROR;
				CLANG_WARN_DOCUMENTATION_COMMENTS = YES;
				CLANG_WARN_EMPTY_BODY = YES;
				CLANG_WARN_ENUM_CONVERSION = YES;
				CLANG_WARN_INFINITE_RECURSION = YES;
				CLANG_WARN_INT_CONVERSION = YES;
				CLANG_WARN_NON_LITERAL_NULL_CONVERSION = YES;
				CLANG_WARN_OBJC_IMPLICIT_RETAIN_SELF = YES;
				CLANG_WARN_OBJC_LITERAL_CONVERSION = YES;
				CLANG_WARN_OBJC_ROOT_CLASS = YES_ERROR;
				CLANG_WARN_QUOTED_INCLUDE_IN_FRAMEWORK_HEADER = YES;
				CLANG_WARN_RANGE_LOOP_ANALYSIS = YES;
				CLANG_WARN_STRICT_PROTOTYPES = YES;
				CLANG_WARN_SUSPICIOUS_MOVE = YES;
				CLANG_WARN_UNGUARDED_AVAILABILITY = YES_AGGRESSIVE;
				CLANG_WARN_UNREACHABLE_CODE = YES;
				CLANG_WARN__DUPLICATE_METHOD_MATCH = YES;
				COPY_PHASE_STRIP = NO;
				DEBUG_INFORMATION_FORMAT = "dwarf-with-dsym";
				ENABLE_NS_ASSERTIONS = NO;
				ENABLE_STRICT_OBJC_MSGSEND = YES;
				GCC_C_LANGUAGE_STANDARD = gnu11;
				GCC_NO_COMMON_BLOCKS = YES;
				GCC_WARN_64_TO_32_BIT_CONVERSION = YES;
				GCC_WARN_ABOUT_RETURN_TYPE = YES_ERROR;
				GCC_WARN_UNDECLARED_SELECTOR = YES;
				GCC_WARN_UNINITIALIZED_AUTOS = YES_AGGRESSIVE;
				GCC_WARN_UNUSED_FUNCTION = YES;
				GCC_WARN_UNUSED_VARIABLE = YES;
				IPHONEOS_DEPLOYMENT_TARGET = 14.2;
				MTL_ENABLE_DEBUG_INFO = NO;
				MTL_FAST_MATH = YES;
				SDKROOT = iphoneos;
				SWIFT_COMPILATION_MODE = wholemodule;
				SWIFT_OPTIMIZATION_LEVEL = "-O";
				VALIDATE_PRODUCT = YES;
			};
			name = Release;
		};
		59A4B0212694C1FE005DB9F7 /* Debug */ = {
			isa = XCBuildConfiguration;
			buildSettings = {
				ASSETCATALOG_COMPILER_APPICON_NAME = AppIcon;
				ASSETCATALOG_COMPILER_GLOBAL_ACCENT_COLOR_NAME = AccentColor;
				CODE_SIGN_STYLE = Automatic;
				DEVELOPMENT_TEAM = ACP4GGWW53;
				INFOPLIST_FILE = DeliveryGame/Info.plist;
				LD_RUNPATH_SEARCH_PATHS = (
					"$(inherited)",
					"@executable_path/Frameworks",
				);
				PRODUCT_BUNDLE_IDENTIFIER = aliaksandr.markevich.DeliveryGame;
				PRODUCT_NAME = "$(TARGET_NAME)";
				SWIFT_VERSION = 5.0;
				TARGETED_DEVICE_FAMILY = "1,2";
			};
			name = Debug;
		};
		59A4B0222694C1FE005DB9F7 /* Release */ = {
			isa = XCBuildConfiguration;
			buildSettings = {
				ASSETCATALOG_COMPILER_APPICON_NAME = AppIcon;
				ASSETCATALOG_COMPILER_GLOBAL_ACCENT_COLOR_NAME = AccentColor;
				CODE_SIGN_STYLE = Automatic;
				DEVELOPMENT_TEAM = ACP4GGWW53;
				INFOPLIST_FILE = DeliveryGame/Info.plist;
				LD_RUNPATH_SEARCH_PATHS = (
					"$(inherited)",
					"@executable_path/Frameworks",
				);
				PRODUCT_BUNDLE_IDENTIFIER = aliaksandr.markevich.DeliveryGame;
				PRODUCT_NAME = "$(TARGET_NAME)";
				SWIFT_VERSION = 5.0;
				TARGETED_DEVICE_FAMILY = "1,2";
			};
			name = Release;
		};
/* End XCBuildConfiguration section */

/* Begin XCConfigurationList section */
		59A4B0062694C1FC005DB9F7 /* Build configuration list for PBXProject "DeliveryGame" */ = {
			isa = XCConfigurationList;
			buildConfigurations = (
				59A4B01E2694C1FE005DB9F7 /* Debug */,
				59A4B01F2694C1FE005DB9F7 /* Release */,
			);
			defaultConfigurationIsVisible = 0;
			defaultConfigurationName = Release;
		};
		59A4B0202694C1FE005DB9F7 /* Build configuration list for PBXNativeTarget "DeliveryGame" */ = {
			isa = XCConfigurationList;
			buildConfigurations = (
				59A4B0212694C1FE005DB9F7 /* Debug */,
				59A4B0222694C1FE005DB9F7 /* Release */,
			);
			defaultConfigurationIsVisible = 0;
			defaultConfigurationName = Release;
		};
/* End XCConfigurationList section */
	};
	rootObject = 59A4B0032694C1FC005DB9F7 /* Project object */;
}
